
Microsoft Visual Studio Solution File, Format Version 12.00
# Visual Studio Version 17
VisualStudioVersion = 17.7.34031.279
MinimumVisualStudioVersion = 10.0.40219.1
Project("{FAE04EC0-301F-11D3-BF4B-00C04F79EFBC}") = "lab1_4", "lab1_4.csproj", "{A86E528A-B5E9-47F0-86D2-CA74F1765B5A}"
EndProject
Global
	GlobalSection(SolutionConfigurationPlatforms) = preSolution
		Debug|Any CPU = Debug|Any CPU
		Release|Any CPU = Release|Any CPU
	EndGlobalSection
	GlobalSection(ProjectConfigurationPlatforms) = postSolution
		{A86E528A-B5E9-47F0-86D2-CA74F1765B5A}.Debug|Any CPU.ActiveCfg = Debug|Any CPU
		{A86E528A-B5E9-47F0-86D2-CA74F1765B5A}.Debug|Any CPU.Build.0 = Debug|Any CPU
		{A86E528A-B5E9-47F0-86D2-CA74F1765B5A}.Release|Any CPU.ActiveCfg = Release|Any CPU
		{A86E528A-B5E9-47F0-86D2-CA74F1765B5A}.Release|Any CPU.Build.0 = Release|Any CPU
	EndGlobalSection
	GlobalSection(SolutionProperties) = preSolution
		HideSolutionNode = FALSE
	EndGlobalSection
	GlobalSection(ExtensibilityGlobals) = postSolution
		SolutionGuid = {44AD12C9-0232-4FBD-8051-F6D1CAD9BAE9}
	EndGlobalSection
EndGlobal
