<?xml version="1.0" encoding="utf-8"?>
<Project ToolsVersion="4.0" xmlns="http://schemas.microsoft.com/developer/msbuild/2003">
  <ItemGroup>
    <Filter Include="Source Files">
      <UniqueIdentifier>{4FC737F1-C7A5-4376-A066-2A32D752A2FF}</UniqueIdentifier>
      <Extensions>cpp;c;cc;cxx;c++;cppm;ixx;def;odl;idl;hpj;bat;asm;asmx</Extensions>
    </Filter>
    <Filter Include="Header Files">
      <UniqueIdentifier>{93995380-89BD-4b04-88EB-625FBE52EBFB}</UniqueIdentifier>
      <Extensions>h;hh;hpp;hxx;h++;hm;inl;inc;ipp;xsd</Extensions>
    </Filter>
    <Filter Include="Resource Files">
      <UniqueIdentifier>{67DA6AB6-F800-4c08-8B7A-83BB121AAD01}</UniqueIdentifier>
      <Extensions>rc;ico;cur;bmp;dlg;rc2;rct;bin;rgs;gif;jpg;jpeg;jpe;resx;tiff;tif;png;wav;mfcribbon-ms</Extensions>
    </Filter>
    <Filter Include="CMyApplication">
      <UniqueIdentifier>{89e40ba9-31b7-4a01-bfb9-5879dc8ff4b0}</UniqueIdentifier>
    </Filter>
    <Filter Include="CSurface">
      <UniqueIdentifier>{056a036f-a201-42c0-b93a-7f85cc4fbb2a}</UniqueIdentifier>
    </Filter>
  </ItemGroup>
  <ItemGroup>
    <ClCompile Include="main.cpp">
      <Filter>Source Files</Filter>
    </ClCompile>
    <ClCompile Include="CMyApplication.cpp">
      <Filter>CMyApplication</Filter>
    </ClCompile>
    <ClCompile Include="..\libgl\AnimationController.cpp">
      <Filter>Source Files</Filter>
    </ClCompile>
    <ClCompile Include="..\libgl\GLApplication.cpp">
      <Filter>Source Files</Filter>
    </ClCompile>
    <ClCompile Include="..\libgl\GLEWInitializer.cpp">
      <Filter>Source Files</Filter>
    </ClCompile>
    <ClCompile Include="..\libgl\pch.cpp">
      <Filter>Source Files</Filter>
    </ClCompile>
    <ClCompile Include="..\libgl\ProgramLinker.cpp">
      <Filter>Source Files</Filter>
    </ClCompile>
    <ClCompile Include="..\libgl\RotationController.cpp">
      <Filter>Source Files</Filter>
    </ClCompile>
    <ClCompile Include="..\libgl\ShaderCompiler.cpp">
      <Filter>Source Files</Filter>
    </ClCompile>
    <ClCompile Include="..\libgl\ShaderLoader.cpp">
      <Filter>Source Files</Filter>
    </ClCompile>
    <ClCompile Include="CSurface.cpp">
      <Filter>CSurface</Filter>
    </ClCompile>
  </ItemGroup>
  <ItemGroup>
    <ClInclude Include="CMyApplication.h">
      <Filter>CMyApplication</Filter>
    </ClInclude>
    <ClInclude Include="..\libgl\AnimationController.h">
      <Filter>Header Files</Filter>
    </ClInclude>
    <ClInclude Include="..\libgl\GLApplication.h">
      <Filter>Header Files</Filter>
    </ClInclude>
    <ClInclude Include="..\libgl\GLEWInitializer.h">
      <Filter>Header Files</Filter>
    </ClInclude>
    <ClInclude Include="..\libgl\IApplication.h">
      <Filter>Header Files</Filter>
    </ClInclude>
    <ClInclude Include="..\libgl\IApplicationListener.h">
      <Filter>Header Files</Filter>
    </ClInclude>
    <ClInclude Include="..\libgl\IEventDispatcher.h">
      <Filter>Header Files</Filter>
    </ClInclude>
    <ClInclude Include="..\libgl\IRotationControllerListener.h">
      <Filter>Header Files</Filter>
    </ClInclude>
    <ClInclude Include="..\libgl\pch.h">
      <Filter>Header Files</Filter>
    </ClInclude>
    <ClInclude Include="..\libgl\ProgramLinker.h">
      <Filter>Header Files</Filter>
    </ClInclude>
    <ClInclude Include="..\libgl\RotationController.h">
      <Filter>Header Files</Filter>
    </ClInclude>
    <ClInclude Include="..\libgl\ShaderCompiler.h">
      <Filter>Header Files</Filter>
    </ClInclude>
    <ClInclude Include="..\libgl\ShaderLoader.h">
      <Filter>Header Files</Filter>
    </ClInclude>
    <ClInclude Include="..\libgl\Shaders.h">
      <Filter>Header Files</Filter>
    </ClInclude>
    <ClInclude Include="CSurface.h">
      <Filter>CSurface</Filter>
    </ClInclude>
  </ItemGroup>
  <ItemGroup>
    <None Include="packages.config" />
  </ItemGroup>
</Project>